# This file is automatically @generated by Cargo.
# It is not intended for manual editing.
[[package]]
name = "adler"
version = "0.2.3"
source = "registry+https://github.com/rust-lang/crates.io-index"
checksum = "ee2a4ec343196209d6594e19543ae87a39f96d5534d7174822a3ad825dd6ed7e"

[[package]]
name = "aho-corasick"
version = "0.7.15"
source = "registry+https://github.com/rust-lang/crates.io-index"
checksum = "7404febffaa47dac81aa44dba71523c9d069b1bdc50a77db41195149e17f68e5"
dependencies = [
 "memchr",
]

[[package]]
name = "alloc-no-stdlib"
version = "2.0.1"
source = "registry+https://github.com/rust-lang/crates.io-index"
checksum = "5192ec435945d87bc2f70992b4d818154b5feede43c09fb7592146374eac90a6"

[[package]]
name = "alloc-stdlib"
version = "0.2.1"
source = "registry+https://github.com/rust-lang/crates.io-index"
checksum = "697ed7edc0f1711de49ce108c541623a0af97c6c60b2f6e2b65229847ac843c2"
dependencies = [
 "alloc-no-stdlib",
]

[[package]]
name = "ansi_term"
version = "0.11.0"
source = "registry+https://github.com/rust-lang/crates.io-index"
checksum = "ee49baf6cb617b853aa8d93bf420db2383fab46d314482ca2803b40d5fde979b"
dependencies = [
 "winapi",
]

[[package]]
name = "ansi_term"
version = "0.12.1"
source = "registry+https://github.com/rust-lang/crates.io-index"
checksum = "d52a9bb7ec0cf484c551830a7ce27bd20d67eac647e1befb56b0be4ee39a55d2"
dependencies = [
 "winapi",
]

[[package]]
name = "anyhow"
version = "1.0.38"
source = "registry+https://github.com/rust-lang/crates.io-index"
checksum = "afddf7f520a80dbf76e6f50a35bca42a2331ef227a28b3b6dc5c2e2338d114b1"

[[package]]
name = "assert_cmd"
version = "1.0.2"
source = "registry+https://github.com/rust-lang/crates.io-index"
checksum = "3dc1679af9a1ab4bea16f228b05d18f8363f8327b1fa8db00d2760cfafc6b61e"
dependencies = [
 "doc-comment",
 "predicates",
 "predicates-core",
 "predicates-tree",
 "wait-timeout",
]

[[package]]
name = "assert_matches"
version = "1.4.0"
source = "registry+https://github.com/rust-lang/crates.io-index"
checksum = "695579f0f2520f3774bb40461e5adb066459d4e0af4d59d20175484fb8e9edf1"

[[package]]
name = "async-compression"
version = "0.3.7"
source = "registry+https://github.com/rust-lang/crates.io-index"
checksum = "b72c1f1154e234325b50864a349b9c8e56939e266a4c307c0f159812df2f9537"
dependencies = [
 "brotli",
 "flate2",
 "futures-core",
 "memchr",
 "pin-project-lite",
 "tokio",
]

[[package]]
name = "async-stream"
version = "0.3.0"
source = "registry+https://github.com/rust-lang/crates.io-index"
checksum = "3670df70cbc01729f901f94c887814b3c68db038aad1329a418bae178bc5295c"
dependencies = [
 "async-stream-impl",
 "futures-core",
]

[[package]]
name = "async-stream-impl"
version = "0.3.0"
source = "registry+https://github.com/rust-lang/crates.io-index"
checksum = "a3548b8efc9f8e8a5a0a2808c5bd8451a9031b9e5b879a79590304ae928b0a70"
dependencies = [
 "proc-macro2",
 "quote",
 "syn",
]

[[package]]
name = "atty"
version = "0.2.14"
source = "registry+https://github.com/rust-lang/crates.io-index"
checksum = "d9b39be18770d11421cdb1b9947a45dd3f37e93092cbf377614828a319d5fee8"
dependencies = [
 "hermit-abi",
 "libc",
 "winapi",
]

[[package]]
name = "autocfg"
version = "1.0.1"
source = "registry+https://github.com/rust-lang/crates.io-index"
checksum = "cdb031dd78e28731d87d56cc8ffef4a8f36ca26c38fe2de700543e627f8a464a"

[[package]]
name = "base64"
version = "0.13.0"
source = "registry+https://github.com/rust-lang/crates.io-index"
checksum = "904dfeac50f3cdaba28fc6f57fdcddb75f49ed61346676a78c4ffe55877802fd"

[[package]]
name = "bincode"
version = "1.3.1"
source = "registry+https://github.com/rust-lang/crates.io-index"
checksum = "f30d3a39baa26f9651f17b375061f3233dde33424a8b72b0dbe93a68a0bc896d"
dependencies = [
 "byteorder",
 "serde",
]

[[package]]
name = "bitflags"
version = "1.2.1"
source = "registry+https://github.com/rust-lang/crates.io-index"
checksum = "cf1de2fe8c75bc145a2f577add951f8134889b4795d47466a54a5c846d691693"

[[package]]
name = "brotli"
version = "3.3.0"
source = "registry+https://github.com/rust-lang/crates.io-index"
checksum = "7f29919120f08613aadcd4383764e00526fc9f18b6c0895814faeed0dd78613e"
dependencies = [
 "alloc-no-stdlib",
 "alloc-stdlib",
 "brotli-decompressor",
]

[[package]]
name = "brotli-decompressor"
version = "2.3.1"
source = "registry+https://github.com/rust-lang/crates.io-index"
checksum = "1052e1c3b8d4d80eb84a8b94f0a1498797b5fb96314c001156a1c761940ef4ec"
dependencies = [
 "alloc-no-stdlib",
 "alloc-stdlib",
]

[[package]]
name = "bumpalo"
version = "3.5.0"
source = "registry+https://github.com/rust-lang/crates.io-index"
checksum = "f07aa6688c702439a1be0307b6a94dffe1168569e45b9500c1372bc580740d59"

[[package]]
name = "byteorder"
version = "1.4.2"
source = "registry+https://github.com/rust-lang/crates.io-index"
checksum = "ae44d1a3d5a19df61dd0c8beb138458ac2a53a7ac09eba97d55592540004306b"

[[package]]
name = "bytes"
version = "1.0.1"
source = "registry+https://github.com/rust-lang/crates.io-index"
checksum = "b700ce4376041dcd0a327fd0097c41095743c4c8af8887265942faf1100bd040"

[[package]]
name = "cc"
version = "1.0.66"
source = "registry+https://github.com/rust-lang/crates.io-index"
checksum = "4c0496836a84f8d0495758516b8621a622beb77c0fed418570e50764093ced48"

[[package]]
name = "cfg-if"
version = "1.0.0"
source = "registry+https://github.com/rust-lang/crates.io-index"
checksum = "baf1de4339761588bc0619e3cbc0120ee582ebb74b53b4efbf79117bd2da40fd"

[[package]]
name = "chrono"
version = "0.4.19"
source = "registry+https://github.com/rust-lang/crates.io-index"
checksum = "670ad68c9088c2a963aaa298cb369688cf3f9465ce5e2d4ca10e6e0098a1ce73"
dependencies = [
 "num-integer",
 "num-traits",
]

[[package]]
name = "clap"
version = "2.33.3"
source = "registry+https://github.com/rust-lang/crates.io-index"
checksum = "37e58ac78573c40708d45522f0d80fa2f01cc4f9b4e2bf749807255454312002"
dependencies = [
 "ansi_term 0.11.0",
 "atty",
 "bitflags",
 "strsim",
 "textwrap",
 "unicode-width",
 "vec_map",
]

[[package]]
name = "console"
version = "0.14.0"
source = "registry+https://github.com/rust-lang/crates.io-index"
checksum = "7cc80946b3480f421c2f17ed1cb841753a371c7c5104f51d507e13f532c856aa"
dependencies = [
 "encode_unicode",
 "lazy_static",
 "libc",
 "regex",
 "terminal_size",
 "unicode-width",
 "winapi",
]

[[package]]
name = "crc32fast"
version = "1.2.1"
source = "registry+https://github.com/rust-lang/crates.io-index"
checksum = "81156fece84ab6a9f2afdb109ce3ae577e42b1228441eded99bd77f627953b1a"
dependencies = [
 "cfg-if",
]

[[package]]
name = "difference"
version = "2.0.0"
source = "registry+https://github.com/rust-lang/crates.io-index"
checksum = "524cbf6897b527295dff137cec09ecf3a05f4fddffd7dfcd1585403449e74198"

[[package]]
name = "doc-comment"
version = "0.3.3"
source = "registry+https://github.com/rust-lang/crates.io-index"
checksum = "fea41bba32d969b513997752735605054bc0dfa92b4c56bf1189f2e174be7a10"

[[package]]
name = "encode_unicode"
version = "0.3.6"
source = "registry+https://github.com/rust-lang/crates.io-index"
checksum = "a357d28ed41a50f9c765dbfe56cbc04a64e53e5fc58ba79fbc34c10ef3df831f"

[[package]]
name = "encoding_rs"
version = "0.8.26"
source = "registry+https://github.com/rust-lang/crates.io-index"
checksum = "801bbab217d7f79c0062f4f7205b5d4427c6d1a7bd7aafdd1475f7c59d62b283"
dependencies = [
 "cfg-if",
]

[[package]]
name = "flate2"
version = "1.0.19"
source = "registry+https://github.com/rust-lang/crates.io-index"
checksum = "7411863d55df97a419aa64cb4d2f167103ea9d767e2c54a1868b7ac3f6b47129"
dependencies = [
 "cfg-if",
 "crc32fast",
 "libc",
 "miniz_oxide",
]

[[package]]
name = "float-cmp"
version = "0.8.0"
source = "registry+https://github.com/rust-lang/crates.io-index"
checksum = "e1267f4ac4f343772758f7b1bdcbe767c218bbab93bb432acbf5162bbf85a6c4"
dependencies = [
 "num-traits",
]

[[package]]
name = "fnv"
version = "1.0.7"
source = "registry+https://github.com/rust-lang/crates.io-index"
checksum = "3f9eec918d3f24069decb9af1554cad7c880e2da24a9afd88aca000531ab82c1"

[[package]]
name = "form_urlencoded"
version = "1.0.0"
source = "registry+https://github.com/rust-lang/crates.io-index"
checksum = "ece68d15c92e84fa4f19d3780f1294e5ca82a78a6d515f1efaabcc144688be00"
dependencies = [
 "matches",
 "percent-encoding",
]

[[package]]
name = "futures-channel"
version = "0.3.12"
source = "registry+https://github.com/rust-lang/crates.io-index"
checksum = "f2d31b7ec7efab6eefc7c57233bb10b847986139d88cc2f5a02a1ae6871a1846"
dependencies = [
 "futures-core",
]

[[package]]
name = "futures-core"
version = "0.3.12"
source = "registry+https://github.com/rust-lang/crates.io-index"
checksum = "79e5145dde8da7d1b3892dad07a9c98fc04bc39892b1ecc9692cf53e2b780a65"

[[package]]
name = "futures-macro"
version = "0.3.12"
source = "registry+https://github.com/rust-lang/crates.io-index"
checksum = "c287d25add322d9f9abdcdc5927ca398917996600182178774032e9f8258fedd"
dependencies = [
 "proc-macro-hack",
 "proc-macro2",
 "quote",
 "syn",
]

[[package]]
name = "futures-sink"
version = "0.3.12"
source = "registry+https://github.com/rust-lang/crates.io-index"
checksum = "caf5c69029bda2e743fddd0582d1083951d65cc9539aebf8812f36c3491342d6"

[[package]]
name = "futures-task"
version = "0.3.12"
source = "registry+https://github.com/rust-lang/crates.io-index"
checksum = "13de07eb8ea81ae445aca7b69f5f7bf15d7bf4912d8ca37d6645c77ae8a58d86"
dependencies = [
 "once_cell",
]

[[package]]
name = "futures-util"
version = "0.3.12"
source = "registry+https://github.com/rust-lang/crates.io-index"
checksum = "632a8cd0f2a4b3fdea1657f08bde063848c3bd00f9bbf6e256b8be78802e624b"
dependencies = [
 "futures-core",
 "futures-macro",
 "futures-task",
 "pin-project-lite",
 "pin-utils",
 "proc-macro-hack",
 "proc-macro-nested",
 "slab",
]

[[package]]
name = "getopts"
version = "0.2.21"
source = "registry+https://github.com/rust-lang/crates.io-index"
checksum = "14dbbfd5c71d70241ecf9e6f13737f7b5ce823821063188d7e46c41d371eebd5"
dependencies = [
 "unicode-width",
]

[[package]]
name = "h2"
version = "0.3.0"
source = "registry+https://github.com/rust-lang/crates.io-index"
checksum = "6b67e66362108efccd8ac053abafc8b7a8d86a37e6e48fc4f6f7485eb5e9e6a5"
dependencies = [
 "bytes",
 "fnv",
 "futures-core",
 "futures-sink",
 "futures-util",
 "http",
 "indexmap",
 "slab",
 "tokio",
 "tokio-util",
 "tracing",
 "tracing-futures",
]

[[package]]
name = "hashbrown"
version = "0.8.2"
source = "registry+https://github.com/rust-lang/crates.io-index"
checksum = "e91b62f79061a0bc2e046024cb7ba44b08419ed238ecbd9adbd787434b9e8c25"
dependencies = [
 "autocfg",
]

[[package]]
name = "heck"
version = "0.3.2"
source = "registry+https://github.com/rust-lang/crates.io-index"
checksum = "87cbf45460356b7deeb5e3415b5563308c0a9b057c85e12b06ad551f98d0a6ac"
dependencies = [
 "unicode-segmentation",
]

[[package]]
name = "hermit-abi"
version = "0.1.18"
source = "registry+https://github.com/rust-lang/crates.io-index"
checksum = "322f4de77956e22ed0e5032c359a0f1273f1f7f0d79bfa3b8ffbc730d7fbcc5c"
dependencies = [
 "libc",
]

[[package]]
name = "ht"
version = "0.6.0"
dependencies = [
 "ansi_term 0.12.1",
 "anyhow",
 "assert_cmd",
 "assert_matches",
 "atty",
 "indicatif",
 "indoc",
 "jsonxf",
 "lazy_static",
 "predicates",
 "regex",
 "reqwest",
 "rpassword",
 "serde",
 "serde_json",
 "serde_urlencoded",
 "structopt",
 "syntect",
 "tokio",
 "tokio-util",
]

[[package]]
name = "http"
version = "0.2.3"
source = "registry+https://github.com/rust-lang/crates.io-index"
checksum = "7245cd7449cc792608c3c8a9eaf69bd4eabbabf802713748fd739c98b82f0747"
dependencies = [
 "bytes",
 "fnv",
 "itoa",
]

[[package]]
name = "http-body"
version = "0.4.0"
source = "registry+https://github.com/rust-lang/crates.io-index"
checksum = "2861bd27ee074e5ee891e8b539837a9430012e249d7f0ca2d795650f579c1994"
dependencies = [
 "bytes",
 "http",
]

[[package]]
name = "httparse"
version = "1.3.4"
source = "registry+https://github.com/rust-lang/crates.io-index"
checksum = "cd179ae861f0c2e53da70d892f5f3029f9594be0c41dc5269cd371691b1dc2f9"

[[package]]
name = "httpdate"
version = "0.3.2"
source = "registry+https://github.com/rust-lang/crates.io-index"
checksum = "494b4d60369511e7dea41cf646832512a94e542f68bb9c49e54518e0f468eb47"

[[package]]
name = "hyper"
version = "0.14.2"
source = "registry+https://github.com/rust-lang/crates.io-index"
checksum = "12219dc884514cb4a6a03737f4413c0e01c23a1b059b0156004b23f1e19dccbe"
dependencies = [
 "bytes",
 "futures-channel",
 "futures-core",
 "futures-util",
 "h2",
 "http",
 "http-body",
 "httparse",
 "httpdate",
 "itoa",
 "pin-project 1.0.4",
 "socket2",
 "tokio",
 "tower-service",
 "tracing",
 "want",
]

[[package]]
name = "hyper-rustls"
version = "0.22.1"
source = "registry+https://github.com/rust-lang/crates.io-index"
checksum = "5f9f7a97316d44c0af9b0301e65010573a853a9fc97046d7331d7f6bc0fd5a64"
dependencies = [
 "futures-util",
 "hyper",
 "log",
 "rustls",
 "tokio",
 "tokio-rustls",
 "webpki",
]

[[package]]
name = "idna"
version = "0.2.0"
source = "registry+https://github.com/rust-lang/crates.io-index"
checksum = "02e2673c30ee86b5b96a9cb52ad15718aa1f966f5ab9ad54a8b95d5ca33120a9"
dependencies = [
 "matches",
 "unicode-bidi",
 "unicode-normalization",
]

[[package]]
name = "indexmap"
version = "1.5.2"
source = "registry+https://github.com/rust-lang/crates.io-index"
checksum = "4e47a3566dd4fd4eec714ae6ceabdee0caec795be835c223d92c2d40f1e8cf1c"
dependencies = [
 "autocfg",
 "hashbrown",
]

[[package]]
name = "indicatif"
version = "0.15.0"
source = "registry+https://github.com/rust-lang/crates.io-index"
checksum = "7baab56125e25686df467fe470785512329883aab42696d661247aca2a2896e4"
dependencies = [
 "console",
 "lazy_static",
 "number_prefix",
 "regex",
]

[[package]]
name = "indoc"
version = "1.0.3"
source = "registry+https://github.com/rust-lang/crates.io-index"
checksum = "e5a75aeaaef0ce18b58056d306c27b07436fbb34b8816c53094b76dd81803136"
dependencies = [
 "unindent",
]

[[package]]
name = "instant"
version = "0.1.9"
source = "registry+https://github.com/rust-lang/crates.io-index"
checksum = "61124eeebbd69b8190558df225adf7e4caafce0d743919e5d6b19652314ec5ec"
dependencies = [
 "cfg-if",
]

[[package]]
name = "ipnet"
version = "2.3.0"
source = "registry+https://github.com/rust-lang/crates.io-index"
checksum = "47be2f14c678be2fdcab04ab1171db51b2762ce6f0a8ee87c8dd4a04ed216135"

[[package]]
name = "itoa"
version = "0.4.7"
source = "registry+https://github.com/rust-lang/crates.io-index"
checksum = "dd25036021b0de88a0aff6b850051563c6516d0bf53f8638938edbb9de732736"

[[package]]
name = "js-sys"
version = "0.3.47"
source = "registry+https://github.com/rust-lang/crates.io-index"
checksum = "5cfb73131c35423a367daf8cbd24100af0d077668c8c2943f0e7dd775fef0f65"
dependencies = [
 "wasm-bindgen",
]

[[package]]
name = "jsonxf"
version = "1.0.1"
source = "registry+https://github.com/rust-lang/crates.io-index"
checksum = "1d87d3977b3d4ed43638d224a0146f04aed53f54c2076130658fdb96ee2ae239"
dependencies = [
 "getopts",
]

[[package]]
name = "lazy_static"
version = "1.4.0"
source = "registry+https://github.com/rust-lang/crates.io-index"
checksum = "e2abad23fbc42b3700f2f279844dc832adb2b2eb069b2df918f455c4e18cc646"

[[package]]
name = "lazycell"
version = "1.3.0"
source = "registry+https://github.com/rust-lang/crates.io-index"
checksum = "830d08ce1d1d941e6b30645f1a0eb5643013d835ce3779a5fc208261dbe10f55"

[[package]]
name = "libc"
version = "0.2.83"
source = "registry+https://github.com/rust-lang/crates.io-index"
checksum = "7eb0c4e9c72ee9d69b767adebc5f4788462a3b45624acd919475c92597bcaf4f"

[[package]]
name = "line-wrap"
version = "0.1.1"
source = "registry+https://github.com/rust-lang/crates.io-index"
checksum = "f30344350a2a51da54c1d53be93fade8a237e545dbcc4bdbe635413f2117cab9"
dependencies = [
 "safemem",
]

[[package]]
name = "linked-hash-map"
version = "0.5.4"
source = "registry+https://github.com/rust-lang/crates.io-index"
checksum = "7fb9b38af92608140b86b693604b9ffcc5824240a484d1ecd4795bacb2fe88f3"

[[package]]
name = "lock_api"
version = "0.4.2"
source = "registry+https://github.com/rust-lang/crates.io-index"
checksum = "dd96ffd135b2fd7b973ac026d28085defbe8983df057ced3eb4f2130b0831312"
dependencies = [
 "scopeguard",
]

[[package]]
name = "log"
version = "0.4.14"
source = "registry+https://github.com/rust-lang/crates.io-index"
checksum = "51b9bbe6c47d51fc3e1a9b945965946b4c44142ab8792c50835a980d362c2710"
dependencies = [
 "cfg-if",
]

[[package]]
name = "matches"
version = "0.1.8"
source = "registry+https://github.com/rust-lang/crates.io-index"
checksum = "7ffc5c5338469d4d3ea17d269fa8ea3512ad247247c30bd2df69e68309ed0a08"

[[package]]
name = "memchr"
version = "2.3.4"
source = "registry+https://github.com/rust-lang/crates.io-index"
checksum = "0ee1c47aaa256ecabcaea351eae4a9b01ef39ed810004e298d2511ed284b1525"

[[package]]
name = "mime"
version = "0.3.16"
source = "registry+https://github.com/rust-lang/crates.io-index"
checksum = "2a60c7ce501c71e03a9c9c0d35b861413ae925bd979cc7a4e30d060069aaac8d"

[[package]]
name = "mime_guess"
version = "2.0.3"
source = "registry+https://github.com/rust-lang/crates.io-index"
checksum = "2684d4c2e97d99848d30b324b00c8fcc7e5c897b7cbb5819b09e7c90e8baf212"
dependencies = [
 "mime",
 "unicase",
]

[[package]]
name = "miniz_oxide"
version = "0.4.3"
source = "registry+https://github.com/rust-lang/crates.io-index"
checksum = "0f2d26ec3309788e423cfbf68ad1800f061638098d76a83681af979dc4eda19d"
dependencies = [
 "adler",
 "autocfg",
]

[[package]]
name = "mio"
version = "0.7.7"
source = "registry+https://github.com/rust-lang/crates.io-index"
checksum = "e50ae3f04d169fcc9bde0b547d1c205219b7157e07ded9c5aff03e0637cb3ed7"
dependencies = [
 "libc",
 "log",
 "miow",
 "ntapi",
 "winapi",
]

[[package]]
name = "miow"
version = "0.3.6"
source = "registry+https://github.com/rust-lang/crates.io-index"
checksum = "5a33c1b55807fbed163481b5ba66db4b2fa6cde694a5027be10fb724206c5897"
dependencies = [
 "socket2",
 "winapi",
]

[[package]]
name = "normalize-line-endings"
version = "0.3.0"
source = "registry+https://github.com/rust-lang/crates.io-index"
checksum = "61807f77802ff30975e01f4f071c8ba10c022052f98b3294119f3e615d13e5be"

[[package]]
name = "ntapi"
version = "0.3.6"
source = "registry+https://github.com/rust-lang/crates.io-index"
checksum = "3f6bb902e437b6d86e03cce10a7e2af662292c5dfef23b65899ea3ac9354ad44"
dependencies = [
 "winapi",
]

[[package]]
name = "num-integer"
version = "0.1.44"
source = "registry+https://github.com/rust-lang/crates.io-index"
checksum = "d2cc698a63b549a70bc047073d2949cce27cd1c7b0a4a862d08a8031bc2801db"
dependencies = [
 "autocfg",
 "num-traits",
]

[[package]]
name = "num-traits"
version = "0.2.14"
source = "registry+https://github.com/rust-lang/crates.io-index"
checksum = "9a64b1ec5cda2586e284722486d802acf1f7dbdc623e2bfc57e65ca1cd099290"
dependencies = [
 "autocfg",
]

[[package]]
name = "num_cpus"
version = "1.13.0"
source = "registry+https://github.com/rust-lang/crates.io-index"
checksum = "05499f3756671c15885fee9034446956fff3f243d6077b91e5767df161f766b3"
dependencies = [
 "hermit-abi",
 "libc",
]

[[package]]
name = "number_prefix"
version = "0.3.0"
source = "registry+https://github.com/rust-lang/crates.io-index"
checksum = "17b02fc0ff9a9e4b35b3342880f48e896ebf69f2967921fe8646bf5b7125956a"

[[package]]
name = "once_cell"
version = "1.5.2"
source = "registry+https://github.com/rust-lang/crates.io-index"
checksum = "13bd41f508810a131401606d54ac32a467c97172d74ba7662562ebba5ad07fa0"

[[package]]
name = "onig"
version = "6.1.1"
source = "registry+https://github.com/rust-lang/crates.io-index"
checksum = "30b46fd9edbc018f0be4e366c24c46db44fac49cd01c039ae85308088b089dd5"
dependencies = [
 "bitflags",
 "lazy_static",
 "libc",
 "onig_sys",
]

[[package]]
name = "onig_sys"
version = "69.6.0"
source = "registry+https://github.com/rust-lang/crates.io-index"
checksum = "ed063c96cf4c0f2e5d09324409d158b38a0a85a7b90fbd68c8cad75c495d5775"
dependencies = [
 "cc",
 "pkg-config",
]

[[package]]
name = "parking_lot"
version = "0.11.1"
source = "registry+https://github.com/rust-lang/crates.io-index"
checksum = "6d7744ac029df22dca6284efe4e898991d28e3085c706c972bcd7da4a27a15eb"
dependencies = [
 "instant",
 "lock_api",
 "parking_lot_core",
]

[[package]]
name = "parking_lot_core"
version = "0.8.2"
source = "registry+https://github.com/rust-lang/crates.io-index"
checksum = "9ccb628cad4f84851442432c60ad8e1f607e29752d0bf072cbd0baf28aa34272"
dependencies = [
 "cfg-if",
 "instant",
 "libc",
 "redox_syscall",
 "smallvec",
 "winapi",
]

[[package]]
name = "percent-encoding"
version = "2.1.0"
source = "registry+https://github.com/rust-lang/crates.io-index"
checksum = "d4fd5641d01c8f18a23da7b6fe29298ff4b55afcccdf78973b24cf3175fee32e"

[[package]]
name = "pin-project"
version = "0.4.27"
source = "registry+https://github.com/rust-lang/crates.io-index"
checksum = "2ffbc8e94b38ea3d2d8ba92aea2983b503cd75d0888d75b86bb37970b5698e15"
dependencies = [
 "pin-project-internal 0.4.27",
]

[[package]]
name = "pin-project"
version = "1.0.4"
source = "registry+https://github.com/rust-lang/crates.io-index"
checksum = "95b70b68509f17aa2857863b6fa00bf21fc93674c7a8893de2f469f6aa7ca2f2"
dependencies = [
 "pin-project-internal 1.0.4",
]

[[package]]
name = "pin-project-internal"
version = "0.4.27"
source = "registry+https://github.com/rust-lang/crates.io-index"
checksum = "65ad2ae56b6abe3a1ee25f15ee605bacadb9a764edaba9c2bf4103800d4a1895"
dependencies = [
 "proc-macro2",
 "quote",
 "syn",
]

[[package]]
name = "pin-project-internal"
version = "1.0.4"
source = "registry+https://github.com/rust-lang/crates.io-index"
checksum = "caa25a6393f22ce819b0f50e0be89287292fda8d425be38ee0ca14c4931d9e71"
dependencies = [
 "proc-macro2",
 "quote",
 "syn",
]

[[package]]
name = "pin-project-lite"
version = "0.2.4"
source = "registry+https://github.com/rust-lang/crates.io-index"
checksum = "439697af366c49a6d0a010c56a0d97685bc140ce0d377b13a2ea2aa42d64a827"

[[package]]
name = "pin-utils"
version = "0.1.0"
source = "registry+https://github.com/rust-lang/crates.io-index"
checksum = "8b870d8c151b6f2fb93e84a13146138f05d02ed11c7e7c54f8826aaaf7c9f184"

[[package]]
name = "pkg-config"
version = "0.3.19"
source = "registry+https://github.com/rust-lang/crates.io-index"
checksum = "3831453b3449ceb48b6d9c7ad7c96d5ea673e9b470a1dc578c2ce6521230884c"

[[package]]
name = "plist"
version = "1.0.1"
source = "registry+https://github.com/rust-lang/crates.io-index"
checksum = "4dc57ccf442c7414b790e8e7b72fb4d776a66c7680129360946d9aaa6f5311e9"
dependencies = [
 "base64",
 "chrono",
 "indexmap",
 "line-wrap",
 "serde",
 "xml-rs",
]

[[package]]
name = "predicates"
version = "1.0.7"
source = "registry+https://github.com/rust-lang/crates.io-index"
checksum = "eeb433456c1a57cc93554dea3ce40b4c19c4057e41c55d4a0f3d84ea71c325aa"
dependencies = [
 "difference",
 "float-cmp",
 "normalize-line-endings",
 "predicates-core",
 "regex",
]

[[package]]
name = "predicates-core"
version = "1.0.1"
source = "registry+https://github.com/rust-lang/crates.io-index"
checksum = "fb3dbeaaf793584e29c58c7e3a82bbb3c7c06b63cea68d13b0e3cddc124104dc"

[[package]]
name = "predicates-tree"
version = "1.0.1"
source = "registry+https://github.com/rust-lang/crates.io-index"
checksum = "aee95d988ee893cb35c06b148c80ed2cd52c8eea927f50ba7a0be1a786aeab73"
dependencies = [
 "predicates-core",
 "treeline",
]

[[package]]
name = "proc-macro-error"
version = "1.0.4"
source = "registry+https://github.com/rust-lang/crates.io-index"
checksum = "da25490ff9892aab3fcf7c36f08cfb902dd3e71ca0f9f9517bea02a73a5ce38c"
dependencies = [
 "proc-macro-error-attr",
 "proc-macro2",
 "quote",
 "syn",
 "version_check",
]

[[package]]
name = "proc-macro-error-attr"
version = "1.0.4"
source = "registry+https://github.com/rust-lang/crates.io-index"
checksum = "a1be40180e52ecc98ad80b184934baf3d0d29f979574e439af5a55274b35f869"
dependencies = [
 "proc-macro2",
 "quote",
 "version_check",
]

[[package]]
name = "proc-macro-hack"
version = "0.5.19"
source = "registry+https://github.com/rust-lang/crates.io-index"
checksum = "dbf0c48bc1d91375ae5c3cd81e3722dff1abcf81a30960240640d223f59fe0e5"

[[package]]
name = "proc-macro-nested"
version = "0.1.7"
source = "registry+https://github.com/rust-lang/crates.io-index"
checksum = "bc881b2c22681370c6a780e47af9840ef841837bc98118431d4e1868bd0c1086"

[[package]]
name = "proc-macro2"
version = "1.0.24"
source = "registry+https://github.com/rust-lang/crates.io-index"
checksum = "1e0704ee1a7e00d7bb417d0770ea303c1bccbabf0ef1667dae92b5967f5f8a71"
dependencies = [
 "unicode-xid",
]

[[package]]
name = "quote"
version = "1.0.8"
source = "registry+https://github.com/rust-lang/crates.io-index"
checksum = "991431c3519a3f36861882da93630ce66b52918dcf1b8e2fd66b397fc96f28df"
dependencies = [
 "proc-macro2",
]

[[package]]
name = "redox_syscall"
version = "0.1.57"
source = "registry+https://github.com/rust-lang/crates.io-index"
checksum = "41cc0f7e4d5d4544e8861606a285bb08d3e70712ccc7d2b84d7c0ccfaf4b05ce"

[[package]]
name = "regex"
version = "1.4.3"
source = "registry+https://github.com/rust-lang/crates.io-index"
checksum = "d9251239e129e16308e70d853559389de218ac275b515068abc96829d05b948a"
dependencies = [
 "aho-corasick",
 "memchr",
 "regex-syntax",
 "thread_local",
]

[[package]]
name = "regex-syntax"
version = "0.6.22"
source = "registry+https://github.com/rust-lang/crates.io-index"
checksum = "b5eb417147ba9860a96cfe72a0b93bf88fee1744b5636ec99ab20c1aa9376581"

[[package]]
name = "reqwest"
version = "0.11.0"
source = "registry+https://github.com/rust-lang/crates.io-index"
checksum = "fd281b1030aa675fb90aa994d07187645bb3c8fc756ca766e7c3070b439de9de"
dependencies = [
 "async-compression",
 "base64",
 "bytes",
 "encoding_rs",
 "futures-core",
 "futures-util",
 "http",
 "http-body",
 "hyper",
 "hyper-rustls",
 "ipnet",
 "js-sys",
 "lazy_static",
 "log",
 "mime",
 "mime_guess",
 "percent-encoding",
 "pin-project-lite",
 "rustls",
 "serde",
 "serde_json",
 "serde_urlencoded",
 "tokio",
 "tokio-rustls",
 "tokio-util",
 "url",
 "wasm-bindgen",
 "wasm-bindgen-futures",
 "web-sys",
 "webpki-roots",
 "winreg",
]

[[package]]
name = "ring"
version = "0.16.19"
source = "registry+https://github.com/rust-lang/crates.io-index"
checksum = "024a1e66fea74c66c66624ee5622a7ff0e4b73a13b4f5c326ddb50c708944226"
dependencies = [
 "cc",
 "libc",
 "once_cell",
 "spin",
 "untrusted",
 "web-sys",
 "winapi",
]

[[package]]
name = "rpassword"
version = "5.0.1"
source = "registry+https://github.com/rust-lang/crates.io-index"
checksum = "ffc936cf8a7ea60c58f030fd36a612a48f440610214dc54bc36431f9ea0c3efb"
dependencies = [
 "libc",
 "winapi",
]

[[package]]
name = "rustls"
version = "0.19.0"
source = "registry+https://github.com/rust-lang/crates.io-index"
checksum = "064fd21ff87c6e87ed4506e68beb42459caa4a0e2eb144932e6776768556980b"
dependencies = [
 "base64",
 "log",
 "ring",
 "sct",
 "webpki",
]

[[package]]
name = "ryu"
version = "1.0.5"
source = "registry+https://github.com/rust-lang/crates.io-index"
checksum = "71d301d4193d031abdd79ff7e3dd721168a9572ef3fe51a1517aba235bd8f86e"

[[package]]
name = "safemem"
version = "0.3.3"
source = "registry+https://github.com/rust-lang/crates.io-index"
checksum = "ef703b7cb59335eae2eb93ceb664c0eb7ea6bf567079d843e09420219668e072"

[[package]]
name = "same-file"
version = "1.0.6"
source = "registry+https://github.com/rust-lang/crates.io-index"
checksum = "93fc1dc3aaa9bfed95e02e6eadabb4baf7e3078b0bd1b4d7b6b0b68378900502"
dependencies = [
 "winapi-util",
]

[[package]]
name = "scopeguard"
version = "1.1.0"
source = "registry+https://github.com/rust-lang/crates.io-index"
checksum = "d29ab0c6d3fc0ee92fe66e2d99f700eab17a8d57d1c1d3b748380fb20baa78cd"

[[package]]
name = "sct"
version = "0.6.0"
source = "registry+https://github.com/rust-lang/crates.io-index"
checksum = "e3042af939fca8c3453b7af0f1c66e533a15a86169e39de2657310ade8f98d3c"
dependencies = [
 "ring",
 "untrusted",
]

[[package]]
name = "serde"
version = "1.0.123"
source = "registry+https://github.com/rust-lang/crates.io-index"
checksum = "92d5161132722baa40d802cc70b15262b98258453e85e5d1d365c757c73869ae"

[[package]]
name = "serde_derive"
version = "1.0.123"
source = "registry+https://github.com/rust-lang/crates.io-index"
checksum = "9391c295d64fc0abb2c556bad848f33cb8296276b1ad2677d1ae1ace4f258f31"
dependencies = [
 "proc-macro2",
 "quote",
 "syn",
]

[[package]]
name = "serde_json"
version = "1.0.61"
source = "registry+https://github.com/rust-lang/crates.io-index"
checksum = "4fceb2595057b6891a4ee808f70054bd2d12f0e97f1cbb78689b59f676df325a"
dependencies = [
 "itoa",
 "ryu",
 "serde",
]

[[package]]
name = "serde_urlencoded"
version = "0.7.0"
source = "registry+https://github.com/rust-lang/crates.io-index"
checksum = "edfa57a7f8d9c1d260a549e7224100f6c43d43f9103e06dd8b4095a9b2b43ce9"
dependencies = [
 "form_urlencoded",
 "itoa",
 "ryu",
 "serde",
]

[[package]]
name = "signal-hook-registry"
version = "1.3.0"
source = "registry+https://github.com/rust-lang/crates.io-index"
checksum = "16f1d0fef1604ba8f7a073c7e701f213e056707210e9020af4528e0101ce11a6"
dependencies = [
 "libc",
]

[[package]]
name = "slab"
version = "0.4.2"
source = "registry+https://github.com/rust-lang/crates.io-index"
checksum = "c111b5bd5695e56cffe5129854aa230b39c93a305372fdbb2668ca2394eea9f8"

[[package]]
name = "smallvec"
version = "1.6.1"
source = "registry+https://github.com/rust-lang/crates.io-index"
checksum = "fe0f37c9e8f3c5a4a66ad655a93c74daac4ad00c441533bf5c6e7990bb42604e"

[[package]]
name = "socket2"
version = "0.3.19"
source = "registry+https://github.com/rust-lang/crates.io-index"
checksum = "122e570113d28d773067fab24266b66753f6ea915758651696b6e35e49f88d6e"
dependencies = [
 "cfg-if",
 "libc",
 "winapi",
]

[[package]]
name = "spin"
version = "0.5.2"
source = "registry+https://github.com/rust-lang/crates.io-index"
checksum = "6e63cff320ae2c57904679ba7cb63280a3dc4613885beafb148ee7bf9aa9042d"

[[package]]
name = "strsim"
version = "0.8.0"
source = "registry+https://github.com/rust-lang/crates.io-index"
checksum = "8ea5119cdb4c55b55d432abb513a0429384878c15dde60cc77b1c99de1a95a6a"

[[package]]
name = "structopt"
version = "0.3.21"
source = "registry+https://github.com/rust-lang/crates.io-index"
checksum = "5277acd7ee46e63e5168a80734c9f6ee81b1367a7d8772a2d765df2a3705d28c"
dependencies = [
 "clap",
 "lazy_static",
 "structopt-derive",
]

[[package]]
name = "structopt-derive"
version = "0.4.14"
source = "registry+https://github.com/rust-lang/crates.io-index"
checksum = "5ba9cdfda491b814720b6b06e0cac513d922fc407582032e8706e9f137976f90"
dependencies = [
 "heck",
 "proc-macro-error",
 "proc-macro2",
 "quote",
 "syn",
]

[[package]]
name = "syn"
version = "1.0.60"
source = "registry+https://github.com/rust-lang/crates.io-index"
checksum = "c700597eca8a5a762beb35753ef6b94df201c81cca676604f547495a0d7f0081"
dependencies = [
 "proc-macro2",
 "quote",
 "unicode-xid",
]

[[package]]
name = "syntect"
version = "4.5.0"
source = "registry+https://github.com/rust-lang/crates.io-index"
checksum = "2bfac2b23b4d049dc9a89353b4e06bbc85a8f42020cccbe5409a115cf19031e5"
dependencies = [
 "bincode",
 "bitflags",
 "flate2",
 "fnv",
 "lazy_static",
 "lazycell",
 "onig",
 "plist",
 "regex-syntax",
 "serde",
 "serde_derive",
 "serde_json",
 "walkdir",
 "yaml-rust",
]

[[package]]
name = "terminal_size"
version = "0.1.16"
source = "registry+https://github.com/rust-lang/crates.io-index"
checksum = "86ca8ced750734db02076f44132d802af0b33b09942331f4459dde8636fd2406"
dependencies = [
 "libc",
 "winapi",
]

[[package]]
name = "textwrap"
version = "0.11.0"
source = "registry+https://github.com/rust-lang/crates.io-index"
checksum = "d326610f408c7a4eb6f51c37c330e496b08506c9457c9d34287ecc38809fb060"
dependencies = [
 "unicode-width",
]

[[package]]
name = "thread_local"
version = "1.1.2"
source = "registry+https://github.com/rust-lang/crates.io-index"
checksum = "d8208a331e1cb318dd5bd76951d2b8fc48ca38a69f5f4e4af1b6a9f8c6236915"
dependencies = [
 "once_cell",
]

[[package]]
name = "tinyvec"
version = "1.1.1"
source = "registry+https://github.com/rust-lang/crates.io-index"
checksum = "317cca572a0e89c3ce0ca1f1bdc9369547fe318a683418e42ac8f59d14701023"
dependencies = [
 "tinyvec_macros",
]

[[package]]
name = "tinyvec_macros"
version = "0.1.0"
source = "registry+https://github.com/rust-lang/crates.io-index"
checksum = "cda74da7e1a664f795bb1f8a87ec406fb89a02522cf6e50620d016add6dbbf5c"

[[package]]
name = "tokio"
version = "1.1.0"
source = "registry+https://github.com/rust-lang/crates.io-index"
checksum = "8efab2086f17abcddb8f756117665c958feee6b2e39974c2f1600592ab3a4195"
dependencies = [
 "autocfg",
 "bytes",
 "libc",
 "memchr",
 "mio",
 "num_cpus",
 "once_cell",
 "parking_lot",
 "pin-project-lite",
 "signal-hook-registry",
 "tokio-macros",
 "winapi",
]

[[package]]
name = "tokio-macros"
version = "1.0.0"
source = "registry+https://github.com/rust-lang/crates.io-index"
checksum = "42517d2975ca3114b22a16192634e8241dc5cc1f130be194645970cc1c371494"
dependencies = [
 "proc-macro2",
 "quote",
 "syn",
]

[[package]]
name = "tokio-rustls"
version = "0.22.0"
source = "registry+https://github.com/rust-lang/crates.io-index"
checksum = "bc6844de72e57df1980054b38be3a9f4702aba4858be64dd700181a8a6d0e1b6"
dependencies = [
 "rustls",
 "tokio",
 "webpki",
]

[[package]]
name = "tokio-stream"
version = "0.1.2"
source = "registry+https://github.com/rust-lang/crates.io-index"
checksum = "76066865172052eb8796c686f0b441a93df8b08d40a950b062ffb9a426f00edd"
dependencies = [
 "futures-core",
 "pin-project-lite",
 "tokio",
]

[[package]]
name = "tokio-util"
version = "0.6.2"
source = "registry+https://github.com/rust-lang/crates.io-index"
checksum = "feb971a26599ffd28066d387f109746df178eff14d5ea1e235015c5601967a4b"
dependencies = [
 "async-stream",
 "bytes",
 "futures-core",
 "futures-sink",
 "log",
 "pin-project-lite",
 "tokio",
 "tokio-stream",
]

[[package]]
name = "tower-service"
version = "0.3.1"
source = "registry+https://github.com/rust-lang/crates.io-index"
checksum = "360dfd1d6d30e05fda32ace2c8c70e9c0a9da713275777f5a4dbb8a1893930c6"

[[package]]
name = "tracing"
version = "0.1.22"
source = "registry+https://github.com/rust-lang/crates.io-index"
checksum = "9f47026cdc4080c07e49b37087de021820269d996f581aac150ef9e5583eefe3"
dependencies = [
 "cfg-if",
 "pin-project-lite",
 "tracing-core",
]

[[package]]
name = "tracing-core"
version = "0.1.17"
source = "registry+https://github.com/rust-lang/crates.io-index"
checksum = "f50de3927f93d202783f4513cda820ab47ef17f624b03c096e86ef00c67e6b5f"
dependencies = [
 "lazy_static",
]

[[package]]
name = "tracing-futures"
version = "0.2.4"
source = "registry+https://github.com/rust-lang/crates.io-index"
checksum = "ab7bb6f14721aa00656086e9335d363c5c8747bae02ebe32ea2c7dece5689b4c"
dependencies = [
 "pin-project 0.4.27",
 "tracing",
]

[[package]]
name = "treeline"
version = "0.1.0"
source = "registry+https://github.com/rust-lang/crates.io-index"
checksum = "a7f741b240f1a48843f9b8e0444fb55fb2a4ff67293b50a9179dfd5ea67f8d41"

[[package]]
name = "try-lock"
version = "0.2.3"
source = "registry+https://github.com/rust-lang/crates.io-index"
checksum = "59547bce71d9c38b83d9c0e92b6066c4253371f15005def0c30d9657f50c7642"

[[package]]
name = "unicase"
version = "2.6.0"
source = "registry+https://github.com/rust-lang/crates.io-index"
checksum = "50f37be617794602aabbeee0be4f259dc1778fabe05e2d67ee8f79326d5cb4f6"
dependencies = [
 "version_check",
]

[[package]]
name = "unicode-bidi"
version = "0.3.4"
source = "registry+https://github.com/rust-lang/crates.io-index"
checksum = "49f2bd0c6468a8230e1db229cff8029217cf623c767ea5d60bfbd42729ea54d5"
dependencies = [
 "matches",
]

[[package]]
name = "unicode-normalization"
version = "0.1.16"
source = "registry+https://github.com/rust-lang/crates.io-index"
checksum = "a13e63ab62dbe32aeee58d1c5408d35c36c392bba5d9d3142287219721afe606"
dependencies = [
 "tinyvec",
]

[[package]]
name = "unicode-segmentation"
version = "1.7.1"
source = "registry+https://github.com/rust-lang/crates.io-index"
checksum = "bb0d2e7be6ae3a5fa87eed5fb451aff96f2573d2694942e40543ae0bbe19c796"

[[package]]
name = "unicode-width"
version = "0.1.8"
source = "registry+https://github.com/rust-lang/crates.io-index"
checksum = "9337591893a19b88d8d87f2cec1e73fad5cdfd10e5a6f349f498ad6ea2ffb1e3"

[[package]]
name = "unicode-xid"
version = "0.2.1"
source = "registry+https://github.com/rust-lang/crates.io-index"
checksum = "f7fe0bb3479651439c9112f72b6c505038574c9fbb575ed1bf3b797fa39dd564"

[[package]]
name = "unindent"
version = "0.1.7"
source = "registry+https://github.com/rust-lang/crates.io-index"
checksum = "f14ee04d9415b52b3aeab06258a3f07093182b88ba0f9b8d203f211a7a7d41c7"

[[package]]
name = "untrusted"
version = "0.7.1"
source = "registry+https://github.com/rust-lang/crates.io-index"
checksum = "a156c684c91ea7d62626509bce3cb4e1d9ed5c4d978f7b4352658f96a4c26b4a"

[[package]]
name = "url"
version = "2.2.0"
source = "registry+https://github.com/rust-lang/crates.io-index"
checksum = "5909f2b0817350449ed73e8bcd81c8c3c8d9a7a5d8acba4b27db277f1868976e"
dependencies = [
 "form_urlencoded",
 "idna",
 "matches",
 "percent-encoding",
]

[[package]]
name = "vec_map"
version = "0.8.2"
source = "registry+https://github.com/rust-lang/crates.io-index"
checksum = "f1bddf1187be692e79c5ffeab891132dfb0f236ed36a43c7ed39f1165ee20191"

[[package]]
name = "version_check"
version = "0.9.2"
source = "registry+https://github.com/rust-lang/crates.io-index"
checksum = "b5a972e5669d67ba988ce3dc826706fb0a8b01471c088cb0b6110b805cc36aed"

[[package]]
name = "wait-timeout"
version = "0.2.0"
source = "registry+https://github.com/rust-lang/crates.io-index"
checksum = "9f200f5b12eb75f8c1ed65abd4b2db8a6e1b138a20de009dacee265a2498f3f6"
dependencies = [
 "libc",
]

[[package]]
name = "walkdir"
version = "2.3.1"
source = "registry+https://github.com/rust-lang/crates.io-index"
checksum = "777182bc735b6424e1a57516d35ed72cb8019d85c8c9bf536dccb3445c1a2f7d"
dependencies = [
 "same-file",
 "winapi",
 "winapi-util",
]

[[package]]
name = "want"
version = "0.3.0"
source = "registry+https://github.com/rust-lang/crates.io-index"
checksum = "1ce8a968cb1cd110d136ff8b819a556d6fb6d919363c61534f6860c7eb172ba0"
dependencies = [
 "log",
 "try-lock",
]

[[package]]
name = "wasm-bindgen"
version = "0.2.70"
source = "registry+https://github.com/rust-lang/crates.io-index"
checksum = "55c0f7123de74f0dab9b7d00fd614e7b19349cd1e2f5252bbe9b1754b59433be"
dependencies = [
 "cfg-if",
 "serde",
 "serde_json",
 "wasm-bindgen-macro",
]

[[package]]
name = "wasm-bindgen-backend"
version = "0.2.70"
source = "registry+https://github.com/rust-lang/crates.io-index"
checksum = "7bc45447f0d4573f3d65720f636bbcc3dd6ce920ed704670118650bcd47764c7"
dependencies = [
 "bumpalo",
 "lazy_static",
 "log",
 "proc-macro2",
 "quote",
 "syn",
 "wasm-bindgen-shared",
]

[[package]]
name = "wasm-bindgen-futures"
version = "0.4.20"
source = "registry+https://github.com/rust-lang/crates.io-index"
checksum = "3de431a2910c86679c34283a33f66f4e4abd7e0aec27b6669060148872aadf94"
dependencies = [
 "cfg-if",
 "js-sys",
 "wasm-bindgen",
 "web-sys",
]

[[package]]
name = "wasm-bindgen-macro"
version = "0.2.70"
source = "registry+https://github.com/rust-lang/crates.io-index"
checksum = "3b8853882eef39593ad4174dd26fc9865a64e84026d223f63bb2c42affcbba2c"
dependencies = [
 "quote",
 "wasm-bindgen-macro-support",
]

[[package]]
name = "wasm-bindgen-macro-support"
version = "0.2.70"
source = "registry+https://github.com/rust-lang/crates.io-index"
checksum = "4133b5e7f2a531fa413b3a1695e925038a05a71cf67e87dafa295cb645a01385"
dependencies = [
 "proc-macro2",
 "quote",
 "syn",
 "wasm-bindgen-backend",
 "wasm-bindgen-shared",
]

[[package]]
name = "wasm-bindgen-shared"
version = "0.2.70"
source = "registry+https://github.com/rust-lang/crates.io-index"
checksum = "dd4945e4943ae02d15c13962b38a5b1e81eadd4b71214eee75af64a4d6a4fd64"

[[package]]
name = "web-sys"
version = "0.3.47"
source = "registry+https://github.com/rust-lang/crates.io-index"
checksum = "c40dc691fc48003eba817c38da7113c15698142da971298003cac3ef175680b3"
dependencies = [
 "js-sys",
 "wasm-bindgen",
]

[[package]]
name = "webpki"
version = "0.21.4"
source = "registry+https://github.com/rust-lang/crates.io-index"
checksum = "b8e38c0608262c46d4a56202ebabdeb094cef7e560ca7a226c6bf055188aa4ea"
dependencies = [
 "ring",
 "untrusted",
]

[[package]]
name = "webpki-roots"
version = "0.21.0"
source = "registry+https://github.com/rust-lang/crates.io-index"
checksum = "82015b7e0b8bad8185994674a13a93306bea76cf5a16c5a181382fd3a5ec2376"
dependencies = [
 "webpki",
]

[[package]]
name = "winapi"
version = "0.3.9"
source = "registry+https://github.com/rust-lang/crates.io-index"
checksum = "5c839a674fcd7a98952e593242ea400abe93992746761e38641405d28b00f419"
dependencies = [
 "winapi-i686-pc-windows-gnu",
 "winapi-x86_64-pc-windows-gnu",
]

[[package]]
name = "winapi-i686-pc-windows-gnu"
version = "0.4.0"
source = "registry+https://github.com/rust-lang/crates.io-index"
checksum = "ac3b87c63620426dd9b991e5ce0329eff545bccbbb34f3be09ff6fb6ab51b7b6"

[[package]]
name = "winapi-util"
version = "0.1.5"
source = "registry+https://github.com/rust-lang/crates.io-index"
checksum = "70ec6ce85bb158151cae5e5c87f95a8e97d2c0c4b001223f33a334e3ce5de178"
dependencies = [
 "winapi",
]

[[package]]
name = "winapi-x86_64-pc-windows-gnu"
version = "0.4.0"
source = "registry+https://github.com/rust-lang/crates.io-index"
checksum = "712e227841d057c1ee1cd2fb22fa7e5a5461ae8e48fa2ca79ec42cfc1931183f"

[[package]]
name = "winreg"
version = "0.7.0"
source = "registry+https://github.com/rust-lang/crates.io-index"
checksum = "0120db82e8a1e0b9fb3345a539c478767c0048d842860994d96113d5b667bd69"
dependencies = [
 "winapi",
]

[[package]]
name = "xml-rs"
version = "0.8.3"
source = "registry+https://github.com/rust-lang/crates.io-index"
checksum = "b07db065a5cf61a7e4ba64f29e67db906fb1787316516c4e6e5ff0fea1efcd8a"

[[package]]
name = "yaml-rust"
version = "0.4.5"
source = "registry+https://github.com/rust-lang/crates.io-index"
checksum = "56c1936c4cc7a1c9ab21a1ebb602eb942ba868cbd44a99cb7cdc5892335e1c85"
dependencies = [
 "linked-hash-map",
]
